
Microsoft Visual Studio Solution File, Format Version 12.00
# Visual Studio Version 17
VisualStudioVersion = 17.11.35222.181
MinimumVisualStudioVersion = 10.0.40219.1
Project("{FAE04EC0-301F-11D3-BF4B-00C04F79EFBC}") = "FSAClient", "FSAClient\FSAClient.csproj", "{E874DABD-3951-403F-8180-4BF8FE7A8CF0}"
EndProject
Global
	GlobalSection(SolutionConfigurationPlatforms) = preSolution
		Debug|Any CPU = Debug|Any CPU
		Release|Any CPU = Release|Any CPU
	EndGlobalSection
	GlobalSection(ProjectConfigurationPlatforms) = postSolution
		{E874DABD-3951-403F-8180-4BF8FE7A8CF0}.Debug|Any CPU.ActiveCfg = Debug|Any CPU
		{E874DABD-3951-403F-8180-4BF8FE7A8CF0}.Debug|Any CPU.Build.0 = Debug|Any CPU
		{E874DABD-3951-403F-8180-4BF8FE7A8CF0}.Release|Any CPU.ActiveCfg = Release|Any CPU
		{E874DABD-3951-403F-8180-4BF8FE7A8CF0}.Release|Any CPU.Build.0 = Release|Any CPU
	EndGlobalSection
	GlobalSection(SolutionProperties) = preSolution
		HideSolutionNode = FALSE
	EndGlobalSection
	GlobalSection(ExtensibilityGlobals) = postSolution
		SolutionGuid = {FB6BD022-7FCF-44AD-8B0F-797C2B1F410B}
	EndGlobalSection
EndGlobal
